<?xml version="1.0" encoding="utf-8"?>
<Project ToolsVersion="4.0" xmlns="http://schemas.microsoft.com/developer/msbuild/2003">
  <ItemGroup>
    <Filter Include="Source">
      <UniqueIdentifier>{f26913dd-3b68-44bf-b717-0a1809a23d91}</UniqueIdentifier>
    </Filter>
    <Filter Include="Source\Scene">
      <UniqueIdentifier>{13a515be-25ab-4b53-8c22-f15fe702efe1}</UniqueIdentifier>
    </Filter>
    <Filter Include="Source\Player">
      <UniqueIdentifier>{cfd026f4-8c48-454c-a44d-e0738026b1c6}</UniqueIdentifier>
    </Filter>
    <Filter Include="Source\Scene\Title">
      <UniqueIdentifier>{8ca84990-d680-4783-a809-381055f281f3}</UniqueIdentifier>
    </Filter>
    <Filter Include="Source\Scene\Play">
      <UniqueIdentifier>{29408274-d0e2-4f2c-8e71-08cdb5297193}</UniqueIdentifier>
    </Filter>
    <Filter Include="Source\Input">
      <UniqueIdentifier>{ffd9d625-565c-48ab-a2e3-5bbebfd00dc9}</UniqueIdentifier>
    </Filter>
    <Filter Include="Source\FPS">
      <UniqueIdentifier>{495b62ef-68c4-4b09-99e1-77bc34bf64d9}</UniqueIdentifier>
    </Filter>
    <Filter Include="Source\Collision">
      <UniqueIdentifier>{69a704ce-b639-4b7e-bd04-48c70984bc58}</UniqueIdentifier>
    </Filter>
    <Filter Include="Source\MyMath">
      <UniqueIdentifier>{ae486f6e-39f8-4e7f-a4d0-167d196948e8}</UniqueIdentifier>
    </Filter>
    <Filter Include="Source\Camera">
      <UniqueIdentifier>{49dbb92c-4a24-427a-8d05-17eaa7181f1a}</UniqueIdentifier>
    </Filter>
    <Filter Include="Source\Enemy">
      <UniqueIdentifier>{7822a36e-b00c-4b98-87d9-e9b3863c7b2c}</UniqueIdentifier>
    </Filter>
    <Filter Include="Source\Stage">
      <UniqueIdentifier>{476abb98-a33a-4fde-beaa-d162231d2210}</UniqueIdentifier>
    </Filter>
    <Filter Include="Source\StageObject">
      <UniqueIdentifier>{73ecb0e9-6c64-4953-8a05-e49548dfbf9c}</UniqueIdentifier>
    </Filter>
    <Filter Include="Source\StageObject\Block">
      <UniqueIdentifier>{89a7c18a-70a2-4728-af7a-17cab7306320}</UniqueIdentifier>
    </Filter>
    <Filter Include="Source\StageObject\Floor">
      <UniqueIdentifier>{2502a899-231e-4416-a9ae-aee842ae1c61}</UniqueIdentifier>
    </Filter>
    <Filter Include="Source\Library">
      <UniqueIdentifier>{83ed9e99-9176-4dbc-9bbb-76ca8c5eb7e2}</UniqueIdentifier>
    </Filter>
    <Filter Include="Source\Library\json">
      <UniqueIdentifier>{eaf2fb6e-d856-41bc-8910-243a856bd562}</UniqueIdentifier>
    </Filter>
    <Filter Include="Source\Bullet">
      <UniqueIdentifier>{c832d9c3-588f-4ec7-9ce6-231e08483341}</UniqueIdentifier>
    </Filter>
    <Filter Include="Source\Bullet\MarkBullet">
      <UniqueIdentifier>{59c1a207-dd0f-45fe-a51d-b41cf89503eb}</UniqueIdentifier>
    </Filter>
    <Filter Include="Source\Bullet\FireBallBullet">
      <UniqueIdentifier>{4121b13f-2240-4ff4-b7be-e2b6f27c3e80}</UniqueIdentifier>
    </Filter>
    <Filter Include="Source\Bullet\BreathBullet">
      <UniqueIdentifier>{dfaa6bea-eff4-48a6-b107-f40b3a09f289}</UniqueIdentifier>
    </Filter>
    <Filter Include="Source\Enemy\Boss">
      <UniqueIdentifier>{341513a7-1226-4111-8584-cb97ea16bb63}</UniqueIdentifier>
    </Filter>
    <Filter Include="Source\Enemy\Boss\Hannibal">
      <UniqueIdentifier>{48b7ce18-e3d6-4428-a619-c137f94c9cc0}</UniqueIdentifier>
    </Filter>
    <Filter Include="Source\Animation">
      <UniqueIdentifier>{0ef2f9bc-73b0-4543-88e1-fa457c802c4f}</UniqueIdentifier>
    </Filter>
  </ItemGroup>
  <ItemGroup>
    <ClCompile Include="Source\Main.cpp">
      <Filter>Source</Filter>
    </ClCompile>
    <ClCompile Include="Source\Scene\Play\Play.cpp">
      <Filter>Source\Scene\Play</Filter>
    </ClCompile>
    <ClCompile Include="Source\Scene\Title\Title.cpp">
      <Filter>Source\Scene\Title</Filter>
    </ClCompile>
    <ClCompile Include="Source\Player\Player.cpp">
      <Filter>Source\Player</Filter>
    </ClCompile>
    <ClCompile Include="Source\FPS\FPS.cpp">
      <Filter>Source\FPS</Filter>
    </ClCompile>
    <ClCompile Include="Source\Input\Input.cpp">
      <Filter>Source\Input</Filter>
    </ClCompile>
    <ClCompile Include="Source\Scene\SceneManager.cpp">
      <Filter>Source\Scene</Filter>
    </ClCompile>
    <ClCompile Include="Source\Scene\SceneBase.cpp">
      <Filter>Source\Scene</Filter>
    </ClCompile>
    <ClCompile Include="Source\Collision\CollisionAABB.cpp">
      <Filter>Source\Collision</Filter>
    </ClCompile>
    <ClCompile Include="Source\Collision\CollisionManager.cpp">
      <Filter>Source\Collision</Filter>
    </ClCompile>
    <ClCompile Include="Source\Collision\CollisionSphere.cpp">
      <Filter>Source\Collision</Filter>
    </ClCompile>
    <ClCompile Include="Source\Player\PlayerManager.cpp">
      <Filter>Source\Player</Filter>
    </ClCompile>
    <ClCompile Include="Source\MyMath\MyMath.cpp">
      <Filter>Source\MyMath</Filter>
    </ClCompile>
    <ClCompile Include="Source\Camera\Camera.cpp">
      <Filter>Source\Camera</Filter>
    </ClCompile>
    <ClCompile Include="Source\Camera\CameraBase.cpp">
      <Filter>Source\Camera</Filter>
    </ClCompile>
    <ClCompile Include="Source\Camera\CameraManager.cpp">
      <Filter>Source\Camera</Filter>
    </ClCompile>
    <ClCompile Include="Source\Camera\DebugCamera.cpp">
      <Filter>Source\Camera</Filter>
    </ClCompile>
    <ClCompile Include="Source\Enemy\EnemyBase.cpp">
      <Filter>Source\Enemy</Filter>
    </ClCompile>
    <ClCompile Include="Source\Enemy\EnemyManager.cpp">
      <Filter>Source\Enemy</Filter>
    </ClCompile>
    <ClCompile Include="Source\Stage\StageManager.cpp">
      <Filter>Source\Stage</Filter>
    </ClCompile>
    <ClCompile Include="Source\StageObject\StageObject.cpp">
      <Filter>Source\StageObject</Filter>
    </ClCompile>
    <ClCompile Include="Source\StageObject\StageObjectManager.cpp">
      <Filter>Source\StageObject</Filter>
    </ClCompile>
    <ClCompile Include="Source\StageObject\Floor\Floor.cpp">
      <Filter>Source\StageObject\Floor</Filter>
    </ClCompile>
    <ClCompile Include="Source\StageObject\Block\Block.cpp">
      <Filter>Source\StageObject\Block</Filter>
    </ClCompile>
    <ClCompile Include="Source\Enemy\BlueEnemy.cpp">
      <Filter>Source\Enemy</Filter>
    </ClCompile>
    <ClCompile Include="Source\Enemy\RedEnemy.cpp">
      <Filter>Source\Enemy</Filter>
    </ClCompile>
    <ClCompile Include="Source\Bullet\BulletManager.cpp">
      <Filter>Source\Bullet</Filter>
    </ClCompile>
    <ClCompile Include="Source\Bullet\BulletBase.cpp">
      <Filter>Source\Bullet</Filter>
    </ClCompile>
    <ClCompile Include="Source\Bullet\MarkBullet\MarkBullet.cpp">
      <Filter>Source\Bullet\MarkBullet</Filter>
    </ClCompile>
    <ClCompile Include="Source\Bullet\FireBallBullet\FireBallBullet.cpp">
      <Filter>Source\Bullet\FireBallBullet</Filter>
    </ClCompile>
    <ClCompile Include="Source\Bullet\BreathBullet\BreathBullet.cpp">
      <Filter>Source\Bullet\BreathBullet</Filter>
    </ClCompile>
    <ClCompile Include="Source\Player\PlayerTransform.cpp">
      <Filter>Source\Player</Filter>
    </ClCompile>
    <ClCompile Include="Source\Enemy\Boss\Hannibal\Hannibal.cpp">
      <Filter>Source\Enemy\Boss\Hannibal</Filter>
    </ClCompile>
    <ClCompile Include="Source\Animation\Animation.cpp">
      <Filter>Source\Animation</Filter>
    </ClCompile>
    <ClCompile Include="Source\Player\PlayerAnimation.cpp">
      <Filter>Source\Player</Filter>
    </ClCompile>
  </ItemGroup>
  <ItemGroup>
    <ClInclude Include="Source\Scene\Play\Play.h">
      <Filter>Source\Scene\Play</Filter>
    </ClInclude>
    <ClInclude Include="Source\Scene\Title\Title.h">
      <Filter>Source\Scene\Title</Filter>
    </ClInclude>
    <ClInclude Include="Source\Player\Player.h">
      <Filter>Source\Player</Filter>
    </ClInclude>
    <ClInclude Include="Source\FPS\FPS.h">
      <Filter>Source\FPS</Filter>
    </ClInclude>
    <ClInclude Include="Source\Input\Input.h">
      <Filter>Source\Input</Filter>
    </ClInclude>
    <ClInclude Include="Source\Scene\SceneParameter.h">
      <Filter>Source\Scene</Filter>
    </ClInclude>
    <ClInclude Include="Source\Scene\SceneManager.h">
      <Filter>Source\Scene</Filter>
    </ClInclude>
    <ClInclude Include="Source\Scene\SceneBase.h">
      <Filter>Source\Scene</Filter>
    </ClInclude>
    <ClInclude Include="Source\Collision\CollisionAABB.h">
      <Filter>Source\Collision</Filter>
    </ClInclude>
    <ClInclude Include="Source\Collision\CollisionManager.h">
      <Filter>Source\Collision</Filter>
    </ClInclude>
    <ClInclude Include="Source\Collision\CollisionParameter.h">
      <Filter>Source\Collision</Filter>
    </ClInclude>
    <ClInclude Include="Source\Collision\CollisionSphere.h">
      <Filter>Source\Collision</Filter>
    </ClInclude>
    <ClInclude Include="Source\Player\PlayerManager.h">
      <Filter>Source\Player</Filter>
    </ClInclude>
    <ClInclude Include="Source\MyMath\MyMath.h">
      <Filter>Source\MyMath</Filter>
    </ClInclude>
    <ClInclude Include="Source\Camera\Camera.h">
      <Filter>Source\Camera</Filter>
    </ClInclude>
    <ClInclude Include="Source\Camera\CameraBase.h">
      <Filter>Source\Camera</Filter>
    </ClInclude>
    <ClInclude Include="Source\Camera\CameraManager.h">
      <Filter>Source\Camera</Filter>
    </ClInclude>
    <ClInclude Include="Source\Camera\DebugCamera.h">
      <Filter>Source\Camera</Filter>
    </ClInclude>
    <ClInclude Include="Source\Enemy\EnemyBase.h">
      <Filter>Source\Enemy</Filter>
    </ClInclude>
    <ClInclude Include="Source\Enemy\EnemyManager.h">
      <Filter>Source\Enemy</Filter>
    </ClInclude>
    <ClInclude Include="Source\Stage\StageParameter.h">
      <Filter>Source\Stage</Filter>
    </ClInclude>
    <ClInclude Include="Source\Stage\StageManager.h">
      <Filter>Source\Stage</Filter>
    </ClInclude>
    <ClInclude Include="Source\StageObject\StageObject.h">
      <Filter>Source\StageObject</Filter>
    </ClInclude>
    <ClInclude Include="Source\StageObject\StageObjectManager.h">
      <Filter>Source\StageObject</Filter>
    </ClInclude>
    <ClInclude Include="Source\StageObject\Floor\Floor.h">
      <Filter>Source\StageObject\Floor</Filter>
    </ClInclude>
    <ClInclude Include="Source\StageObject\Floor\FloorParameter.h">
      <Filter>Source\StageObject\Floor</Filter>
    </ClInclude>
    <ClInclude Include="Source\StageObject\Block\Block.h">
      <Filter>Source\StageObject\Block</Filter>
    </ClInclude>
    <ClInclude Include="Source\StageObject\Block\BlockParameter.h">
      <Filter>Source\StageObject\Block</Filter>
    </ClInclude>
    <ClInclude Include="Source\Library\json\json.hpp">
      <Filter>Source\Library\json</Filter>
    </ClInclude>
    <ClInclude Include="Source\Enemy\BlueEnemy.h">
      <Filter>Source\Enemy</Filter>
    </ClInclude>
    <ClInclude Include="Source\Enemy\RedEnemy.h">
      <Filter>Source\Enemy</Filter>
    </ClInclude>
    <ClInclude Include="Source\Bullet\BulletManager.h">
      <Filter>Source\Bullet</Filter>
    </ClInclude>
    <ClInclude Include="Source\Bullet\BulletBase.h">
      <Filter>Source\Bullet</Filter>
    </ClInclude>
    <ClInclude Include="Source\Bullet\MarkBullet\MarkBullet.h">
      <Filter>Source\Bullet\MarkBullet</Filter>
    </ClInclude>
    <ClInclude Include="Source\Bullet\FireBallBullet\FireBallBullet.h">
      <Filter>Source\Bullet\FireBallBullet</Filter>
    </ClInclude>
    <ClInclude Include="Source\Bullet\BreathBullet\BreathBullet.h">
      <Filter>Source\Bullet\BreathBullet</Filter>
    </ClInclude>
    <ClInclude Include="Source\Player\PlayerTransform.h">
      <Filter>Source\Player</Filter>
    </ClInclude>
    <ClInclude Include="Source\Enemy\Boss\Hannibal\Hannibal.h">
      <Filter>Source\Enemy\Boss\Hannibal</Filter>
    </ClInclude>
    <ClInclude Include="Source\Animation\Animation.h">
      <Filter>Source\Animation</Filter>
    </ClInclude>
    <ClInclude Include="Source\Player\PlayerAnimation.h">
      <Filter>Source\Player</Filter>
    </ClInclude>
  </ItemGroup>
</Project>